
Microsoft Visual Studio Solution File, Format Version 12.00
# Visual Studio Version 17
VisualStudioVersion = 17.11.35312.102
MinimumVisualStudioVersion = 10.0.40219.1
Project("{FAE04EC0-301F-11D3-BF4B-00C04F79EFBC}") = "ContactZone.Api", "ContactZone\ContactZone.Api.csproj", "{A066B53C-B29E-4CD7-BEFF-B0A4054432D3}"
EndProject
Global
	GlobalSection(SolutionConfigurationPlatforms) = preSolution
		Debug|Any CPU = Debug|Any CPU
		Release|Any CPU = Release|Any CPU
	EndGlobalSection
	GlobalSection(ProjectConfigurationPlatforms) = postSolution
		{A066B53C-B29E-4CD7-BEFF-B0A4054432D3}.Debug|Any CPU.ActiveCfg = Debug|Any CPU
		{A066B53C-B29E-4CD7-BEFF-B0A4054432D3}.Debug|Any CPU.Build.0 = Debug|Any CPU
		{A066B53C-B29E-4CD7-BEFF-B0A4054432D3}.Release|Any CPU.ActiveCfg = Release|Any CPU
		{A066B53C-B29E-4CD7-BEFF-B0A4054432D3}.Release|Any CPU.Build.0 = Release|Any CPU
	EndGlobalSection
	GlobalSection(SolutionProperties) = preSolution
		HideSolutionNode = FALSE
	EndGlobalSection
	GlobalSection(ExtensibilityGlobals) = postSolution
		SolutionGuid = {5FC59720-58A1-4084-BF70-FE8A6B526BB7}
	EndGlobalSection
EndGlobal
